# @generated by Move, please check-in and do not edit manually.

[move]
version = 3
manifest_digest = "C0256A15434E288204216438CBF709855DED391379F8F378ADEC5C9C090D6A82"
deps_digest = "F8BBB0CCB2491CA29A3DF03D6F92277A4F3574266507ACD77214D37ECA3F3082"
dependencies = [
  { id = "Sui", name = "Sui" },
]

[[move.package]]
id = "MoveStdlib"
source = { git = "https://github.com/MystenLabs/sui.git", rev = "framework/mainnet", subdir = "crates\\sui-framework\\packages\\move-stdlib" }

[[move.package]]
id = "Sui"
source = { git = "https://github.com/MystenLabs/sui.git", rev = "framework/mainnet", subdir = "crates/sui-framework/packages/sui-framework" }

dependencies = [
  { id = "MoveStdlib", name = "MoveStdlib" },
]

[move.toolchain-version]
compiler-version = "1.58.2"
edition = "2024.beta"
flavor = "sui"

[env]

[env.testnet]
chain-id = "4c78adac"
original-published-id = "0x5981fac2bfd8c4bc3fe639b4abee1bba3f52261b2d3fd4bf793ac3b08077c540"
latest-published-id = "0x5981fac2bfd8c4bc3fe639b4abee1bba3f52261b2d3fd4bf793ac3b08077c540"
published-version = "1"
